{
  "name": "coffee-installer",
  "version": "1.1.0",
  "lockfileVersion": 3,
  "requires": true,
  "packages": {
    "": {
      "name": "coffee-installer",
      "version": "1.1.0",
      "license": "MIT",
      "bin": {
        "coffee": "index.js",
        "coffee-installer": "index.js"
      },
      "engines": {
        "node": ">=18"
      }
    }
  }
}
